// !$*UTF8*$!
{
	archiveVersion = 1;
	classes = {
	};
	objectVersion = 48;
	objects = {

/* Begin PBXBuildFile section */
		6E6C30FE2006F45B008E8816 /* AppDelegate.swift in Sources */ = {isa = PBXBuildFile; fileRef = 6E6C30FD2006F45B008E8816 /* AppDelegate.swift */; };
		6E6C31002006F45B008E8816 /* ViewController.swift in Sources */ = {isa = PBXBuildFile; fileRef = 6E6C30FF2006F45B008E8816 /* ViewController.swift */; };
		6E6C31032006F45B008E8816 /* Main.storyboard in Resources */ = {isa = PBXBuildFile; fileRef = 6E6C31012006F45B008E8816 /* Main.storyboard */; };
		6E6C31052006F45B008E8816 /* Assets.xcassets in Resources */ = {isa = PBXBuildFile; fileRef = 6E6C31042006F45B008E8816 /* Assets.xcassets */; };
		6E6C31082006F45B008E8816 /* LaunchScreen.storyboard in Resources */ = {isa = PBXBuildFile; fileRef = 6E6C31062006F45B008E8816 /* LaunchScreen.storyboard */; };
		6E6C31102006F570008E8816 /* Podfile in Resources */ = {isa = PBXBuildFile; fileRef = 6E6C310F2006F570008E8816 /* Podfile */; };
		6E9552552006F66B00FDF574 /* GoogleService-Info.plist in Resources */ = {isa = PBXBuildFile; fileRef = 6E9552542006F66B00FDF574 /* GoogleService-Info.plist */; };
		6E9552572006FDA600FDF574 /* secrets.plist in Resources */ = {isa = PBXBuildFile; fileRef = 6E9552562006FDA600FDF574 /* secrets.plist */; };
		E4BC1EE837B9DAAC5449E56C /* Pods_LegoImageUploader.framework in Frameworks */ = {isa = PBXBuildFile; fileRef = 018FD971440458703401A1D0 /* Pods_LegoImageUploader.framework */; };
/* End PBXBuildFile section */

/* Begin PBXFileReference section */
		018FD971440458703401A1D0 /* Pods_LegoImageUploader.framework */ = {isa = PBXFileReference; explicitFileType = wrapper.framework; includeInIndex = 0; path = Pods_LegoImageUploader.framework; sourceTree = BUILT_PRODUCTS_DIR; };
		5045EF80F15EB195526A6566 /* Pods-LegoImageUploader.debug.xcconfig */ = {isa = PBXFileReference; includeInIndex = 1; lastKnownFileType = text.xcconfig; name = "Pods-LegoImageUploader.debug.xcconfig"; path = "Pods/Target Support Files/Pods-LegoImageUploader/Pods-LegoImageUploader.debug.xcconfig"; sourceTree = "<group>"; };
		6E6C30FA2006F45B008E8816 /* LegoImageUploader.app */ = {isa = PBXFileReference; explicitFileType = wrapper.application; includeInIndex = 0; path = LegoImageUploader.app; sourceTree = BUILT_PRODUCTS_DIR; };
		6E6C30FD2006F45B008E8816 /* AppDelegate.swift */ = {isa = PBXFileReference; lastKnownFileType = sourcecode.swift; path = AppDelegate.swift; sourceTree = "<group>"; };
		6E6C30FF2006F45B008E8816 /* ViewController.swift */ = {isa = PBXFileReference; lastKnownFileType = sourcecode.swift; path = ViewController.swift; sourceTree = "<group>"; };
		6E6C31022006F45B008E8816 /* Base */ = {isa = PBXFileReference; lastKnownFileType = file.storyboard; name = Base; path = Base.lproj/Main.storyboard; sourceTree = "<group>"; };
		6E6C31042006F45B008E8816 /* Assets.xcassets */ = {isa = PBXFileReference; lastKnownFileType = folder.assetcatalog; path = Assets.xcassets; sourceTree = "<group>"; };
		6E6C31072006F45B008E8816 /* Base */ = {isa = PBXFileReference; lastKnownFileType = file.storyboard; name = Base; path = Base.lproj/LaunchScreen.storyboard; sourceTree = "<group>"; };
		6E6C31092006F45B008E8816 /* Info.plist */ = {isa = PBXFileReference; lastKnownFileType = text.plist.xml; path = Info.plist; sourceTree = "<group>"; };
		6E6C310F2006F570008E8816 /* Podfile */ = {isa = PBXFileReference; lastKnownFileType = text; path = Podfile; sourceTree = "<group>"; xcLanguageSpecificationIdentifier = xcode.lang.ruby; };
		6E9552542006F66B00FDF574 /* GoogleService-Info.plist */ = {isa = PBXFileReference; fileEncoding = 4; lastKnownFileType = text.plist.xml; path = "GoogleService-Info.plist"; sourceTree = "<group>"; };
		6E9552562006FDA600FDF574 /* secrets.plist */ = {isa = PBXFileReference; lastKnownFileType = text.plist.xml; path = secrets.plist; sourceTree = "<group>"; };
		81D550BA696D074333F1C059 /* Pods-LegoImageUploader.release.xcconfig */ = {isa = PBXFileReference; includeInIndex = 1; lastKnownFileType = text.xcconfig; name = "Pods-LegoImageUploader.release.xcconfig"; path = "Pods/Target Support Files/Pods-LegoImageUploader/Pods-LegoImageUploader.release.xcconfig"; sourceTree = "<group>"; };
/* End PBXFileReference section */

/* Begin PBXFrameworksBuildPhase section */
		6E6C30F72006F45B008E8816 /* Frameworks */ = {
			isa = PBXFrameworksBuildPhase;
			buildActionMask = 2147483647;
			files = (
				E4BC1EE837B9DAAC5449E56C /* Pods_LegoImageUploader.framework in Frameworks */,
			);
			runOnlyForDeploymentPostprocessing = 0;
		};
/* End PBXFrameworksBuildPhase section */

/* Begin PBXGroup section */
		6E6C30F12006F45B008E8816 = {
			isa = PBXGroup;
			children = (
				6E6C310F2006F570008E8816 /* Podfile */,
				6E6C30FC2006F45B008E8816 /* LegoImageUploader */,
				6E6C30FB2006F45B008E8816 /* Products */,
				DE5E61FD03AE89206EF32B17 /* Pods */,
				95CCDDDB403374C625F6766F /* Frameworks */,
			);
			sourceTree = "<group>";
		};
		6E6C30FB2006F45B008E8816 /* Products */ = {
			isa = PBXGroup;
			children = (
				6E6C30FA2006F45B008E8816 /* LegoImageUploader.app */,
			);
			name = Products;
			sourceTree = "<group>";
		};
		6E6C30FC2006F45B008E8816 /* LegoImageUploader */ = {
			isa = PBXGroup;
			children = (
				6E6C30FD2006F45B008E8816 /* AppDelegate.swift */,
				6E6C30FF2006F45B008E8816 /* ViewController.swift */,
				6E6C31012006F45B008E8816 /* Main.storyboard */,
				6E6C31042006F45B008E8816 /* Assets.xcassets */,
				6E6C31062006F45B008E8816 /* LaunchScreen.storyboard */,
				6E9552542006F66B00FDF574 /* GoogleService-Info.plist */,
				6E6C31092006F45B008E8816 /* Info.plist */,
				6E9552562006FDA600FDF574 /* secrets.plist */,
			);
			path = LegoImageUploader;
			sourceTree = "<group>";
		};
		95CCDDDB403374C625F6766F /* Frameworks */ = {
			isa = PBXGroup;
			children = (
				018FD971440458703401A1D0 /* Pods_LegoImageUploader.framework */,
			);
			name = Frameworks;
			sourceTree = "<group>";
		};
		DE5E61FD03AE89206EF32B17 /* Pods */ = {
			isa = PBXGroup;
			children = (
				5045EF80F15EB195526A6566 /* Pods-LegoImageUploader.debug.xcconfig */,
				81D550BA696D074333F1C059 /* Pods-LegoImageUploader.release.xcconfig */,
			);
			name = Pods;
			sourceTree = "<group>";
		};
/* End PBXGroup section */

/* Begin PBXNativeTarget section */
		6E6C30F92006F45B008E8816 /* LegoImageUploader */ = {
			isa = PBXNativeTarget;
			buildConfigurationList = 6E6C310C2006F45B008E8816 /* Build configuration list for PBXNativeTarget "LegoImageUploader" */;
			buildPhases = (
				C7F3A67B20A4F17BCACAA481 /* [CP] Check Pods Manifest.lock */,
				6E6C30F62006F45B008E8816 /* Sources */,
				6E6C30F72006F45B008E8816 /* Frameworks */,
				6E6C30F82006F45B008E8816 /* Resources */,
				46E067E17F950A9C63E85DEA /* [CP] Embed Pods Frameworks */,
				03E38A32E3B0E5C86A1BEA4D /* [CP] Copy Pods Resources */,
			);
			buildRules = (
			);
			dependencies = (
			);
			name = LegoImageUploader;
			productName = LegoImageUploader;
			productReference = 6E6C30FA2006F45B008E8816 /* LegoImageUploader.app */;
			productType = "com.apple.product-type.application";
		};
/* End PBXNativeTarget section */

/* Begin PBXProject section */
		6E6C30F22006F45B008E8816 /* Project object */ = {
			isa = PBXProject;
			attributes = {
				LastSwiftUpdateCheck = 0920;
				LastUpgradeCheck = 0920;
				ORGANIZATIONNAME = tapsquare;
				TargetAttributes = {
					6E6C30F92006F45B008E8816 = {
						CreatedOnToolsVersion = 9.2;
						ProvisioningStyle = Automatic;
					};
				};
			};
			buildConfigurationList = 6E6C30F52006F45B008E8816 /* Build configuration list for PBXProject "LegoImageUploader" */;
			compatibilityVersion = "Xcode 8.0";
			developmentRegion = en;
			hasScannedForEncodings = 0;
			knownRegions = (
				en,
				Base,
			);
			mainGroup = 6E6C30F12006F45B008E8816;
			productRefGroup = 6E6C30FB2006F45B008E8816 /* Products */;
			projectDirPath = "";
			projectRoot = "";
			targets = (
				6E6C30F92006F45B008E8816 /* LegoImageUploader */,
			);
		};
/* End PBXProject section */

/* Begin PBXResourcesBuildPhase section */
		6E6C30F82006F45B008E8816 /* Resources */ = {
			isa = PBXResourcesBuildPhase;
			buildActionMask = 2147483647;
			files = (
				6E6C31082006F45B008E8816 /* LaunchScreen.storyboard in Resources */,
				6E6C31052006F45B008E8816 /* Assets.xcassets in Resources */,
				6E9552572006FDA600FDF574 /* secrets.plist in Resources */,
				6E9552552006F66B00FDF574 /* GoogleService-Info.plist in Resources */,
				6E6C31102006F570008E8816 /* Podfile in Resources */,
				6E6C31032006F45B008E8816 /* Main.storyboard in Resources */,
			);
			runOnlyForDeploymentPostprocessing = 0;
		};
/* End PBXResourcesBuildPhase section */

/* Begin PBXShellScriptBuildPhase section */
		03E38A32E3B0E5C86A1BEA4D /* [CP] Copy Pods Resources */ = {
			isa = PBXShellScriptBuildPhase;
			buildActionMask = 2147483647;
			files = (
			);
			inputPaths = (
				"${SRCROOT}/Pods/Target Support Files/Pods-LegoImageUploader/Pods-LegoImageUploader-resources.sh",
				$PODS_CONFIGURATION_BUILD_DIR/FirebaseUI/FirebaseAuthUI.bundle,
			);
			name = "[CP] Copy Pods Resources";
			outputPaths = (
				"${TARGET_BUILD_DIR}/${UNLOCALIZED_RESOURCES_FOLDER_PATH}",
			);
			runOnlyForDeploymentPostprocessing = 0;
			shellPath = /bin/sh;
			shellScript = "\"${SRCROOT}/Pods/Target Support Files/Pods-LegoImageUploader/Pods-LegoImageUploader-resources.sh\"\n";
			showEnvVarsInLog = 0;
		};
		46E067E17F950A9C63E85DEA /* [CP] Embed Pods Frameworks */ = {
			isa = PBXShellScriptBuildPhase;
			buildActionMask = 2147483647;
			files = (
			);
			inputPaths = (
				"${SRCROOT}/Pods/Target Support Files/Pods-LegoImageUploader/Pods-LegoImageUploader-frameworks.sh",
				"${BUILT_PRODUCTS_DIR}/GTMSessionFetcher/GTMSessionFetcher.framework",
				"${BUILT_PRODUCTS_DIR}/GoogleToolboxForMac/GoogleToolboxForMac.framework",
				"${BUILT_PRODUCTS_DIR}/nanopb/nanopb.framework",
			);
			name = "[CP] Embed Pods Frameworks";
			outputPaths = (
				"${TARGET_BUILD_DIR}/${FRAMEWORKS_FOLDER_PATH}/GTMSessionFetcher.framework",
				"${TARGET_BUILD_DIR}/${FRAMEWORKS_FOLDER_PATH}/GoogleToolboxForMac.framework",
				"${TARGET_BUILD_DIR}/${FRAMEWORKS_FOLDER_PATH}/nanopb.framework",
			);
			runOnlyForDeploymentPostprocessing = 0;
			shellPath = /bin/sh;
			shellScript = "\"${SRCROOT}/Pods/Target Support Files/Pods-LegoImageUploader/Pods-LegoImageUploader-frameworks.sh\"\n";
			showEnvVarsInLog = 0;
		};
		C7F3A67B20A4F17BCACAA481 /* [CP] Check Pods Manifest.lock */ = {
			isa = PBXShellScriptBuildPhase;
			buildActionMask = 2147483647;
			files = (
			);
			inputPaths = (
				"${PODS_PODFILE_DIR_PATH}/Podfile.lock",
				"${PODS_ROOT}/Manifest.lock",
			);
			name = "[CP] Check Pods Manifest.lock";
			outputPaths = (
				"$(DERIVED_FILE_DIR)/Pods-LegoImageUploader-checkManifestLockResult.txt",
			);
			runOnlyForDeploymentPostprocessing = 0;
			shellPath = /bin/sh;
			shellScript = "diff \"${PODS_PODFILE_DIR_PATH}/Podfile.lock\" \"${PODS_ROOT}/Manifest.lock\" > /dev/null\nif [ $? != 0 ] ; then\n    # print error to STDERR\n    echo \"error: The sandbox is not in sync with the Podfile.lock. Run 'pod install' or update your CocoaPods installation.\" >&2\n    exit 1\nfi\n# This output is used by Xcode 'outputs' to avoid re-running this script phase.\necho \"SUCCESS\" > \"${SCRIPT_OUTPUT_FILE_0}\"\n";
			showEnvVarsInLog = 0;
		};
/* End PBXShellScriptBuildPhase section */

/* Begin PBXSourcesBuildPhase section */
		6E6C30F62006F45B008E8816 /* Sources */ = {
			isa = PBXSourcesBuildPhase;
			buildActionMask = 2147483647;
			files = (
				6E6C31002006F45B008E8816 /* ViewController.swift in Sources */,
				6E6C30FE2006F45B008E8816 /* AppDelegate.swift in Sources */,
			);
			runOnlyForDeploymentPostprocessing = 0;
		};
/* End PBXSourcesBuildPhase section */

/* Begin PBXVariantGroup section */
		6E6C31012006F45B008E8816 /* Main.storyboard */ = {
			isa = PBXVariantGroup;
			children = (
				6E6C31022006F45B008E8816 /* Base */,
			);
			name = Main.storyboard;
			sourceTree = "<group>";
		};
		6E6C31062006F45B008E8816 /* LaunchScreen.storyboard */ = {
			isa = PBXVariantGroup;
			children = (
				6E6C31072006F45B008E8816 /* Base */,
			);
			name = LaunchScreen.storyboard;
			sourceTree = "<group>";
		};
/* End PBXVariantGroup section */

/* Begin XCBuildConfiguration section */
		6E6C310A2006F45B008E8816 /* Debug */ = {
			isa = XCBuildConfiguration;
			buildSettings = {
				ALWAYS_SEARCH_USER_PATHS = NO;
				CLANG_ANALYZER_NONNULL = YES;
				CLANG_ANALYZER_NUMBER_OBJECT_CONVERSION = YES_AGGRESSIVE;
				CLANG_CXX_LANGUAGE_STANDARD = "gnu++14";
				CLANG_CXX_LIBRARY = "libc++";
				CLANG_ENABLE_MODULES = YES;
				CLANG_ENABLE_OBJC_ARC = YES;
				CLANG_WARN_BLOCK_CAPTURE_AUTORELEASING = YES;
				CLANG_WARN_BOOL_CONVERSION = YES;
				CLANG_WARN_COMMA = YES;
				CLANG_WARN_CONSTANT_CONVERSION = YES;
				CLANG_WARN_DIRECT_OBJC_ISA_USAGE = YES_ERROR;
				CLANG_WARN_DOCUMENTATION_COMMENTS = YES;
				CLANG_WARN_EMPTY_BODY = YES;
				CLANG_WARN_ENUM_CONVERSION = YES;
				CLANG_WARN_INFINITE_RECURSION = YES;
				CLANG_WARN_INT_CONVERSION = YES;
				CLANG_WARN_NON_LITERAL_NULL_CONVERSION = YES;
				CLANG_WARN_OBJC_LITERAL_CONVERSION = YES;
				CLANG_WARN_OBJC_ROOT_CLASS = YES_ERROR;
				CLANG_WARN_RANGE_LOOP_ANALYSIS = YES;
				CLANG_WARN_STRICT_PROTOTYPES = YES;
				CLANG_WARN_SUSPICIOUS_MOVE = YES;
				CLANG_WARN_UNGUARDED_AVAILABILITY = YES_AGGRESSIVE;
				CLANG_WARN_UNREACHABLE_CODE = YES;
				CLANG_WARN__DUPLICATE_METHOD_MATCH = YES;
				CODE_SIGN_IDENTITY = "iPhone Developer";
				COPY_PHASE_STRIP = NO;
				DEBUG_INFORMATION_FORMAT = dwarf;
				ENABLE_STRICT_OBJC_MSGSEND = YES;
				ENABLE_TESTABILITY = YES;
				GCC_C_LANGUAGE_STANDARD = gnu11;
				GCC_DYNAMIC_NO_PIC = NO;
				GCC_NO_COMMON_BLOCKS = YES;
				GCC_OPTIMIZATION_LEVEL = 0;
				GCC_PREPROCESSOR_DEFINITIONS = (
					"DEBUG=1",
					"$(inherited)",
				);
				GCC_WARN_64_TO_32_BIT_CONVERSION = YES;
				GCC_WARN_ABOUT_RETURN_TYPE = YES_ERROR;
				GCC_WARN_UNDECLARED_SELECTOR = YES;
				GCC_WARN_UNINITIALIZED_AUTOS = YES_AGGRESSIVE;
				GCC_WARN_UNUSED_FUNCTION = YES;
				GCC_WARN_UNUSED_VARIABLE = YES;
				IPHONEOS_DEPLOYMENT_TARGET = 11.2;
				MTL_ENABLE_DEBUG_INFO = YES;
				ONLY_ACTIVE_ARCH = YES;
				SDKROOT = iphoneos;
				SWIFT_ACTIVE_COMPILATION_CONDITIONS = DEBUG;
				SWIFT_OPTIMIZATION_LEVEL = "-Onone";
			};
			name = Debug;
		};
		6E6C310B2006F45B008E8816 /* Release */ = {
			isa = XCBuildConfiguration;
			buildSettings = {
				ALWAYS_SEARCH_USER_PATHS = NO;
				CLANG_ANALYZER_NONNULL = YES;
				CLANG_ANALYZER_NUMBER_OBJECT_CONVERSION = YES_AGGRESSIVE;
				CLANG_CXX_LANGUAGE_STANDARD = "gnu++14";
				CLANG_CXX_LIBRARY = "libc++";
				CLANG_ENABLE_MODULES = YES;
				CLANG_ENABLE_OBJC_ARC = YES;
				CLANG_WARN_BLOCK_CAPTURE_AUTORELEASING = YES;
				CLANG_WARN_BOOL_CONVERSION = YES;
				CLANG_WARN_COMMA = YES;
				CLANG_WARN_CONSTANT_CONVERSION = YES;
				CLANG_WARN_DIRECT_OBJC_ISA_USAGE = YES_ERROR;
				CLANG_WARN_DOCUMENTATION_COMMENTS = YES;
				CLANG_WARN_EMPTY_BODY = YES;
				CLANG_WARN_ENUM_CONVERSION = YES;
				CLANG_WARN_INFINITE_RECURSION = YES;
				CLANG_WARN_INT_CONVERSION = YES;
				CLANG_WARN_NON_LITERAL_NULL_CONVERSION = YES;
				CLANG_WARN_OBJC_LITERAL_CONVERSION = YES;
				CLANG_WARN_OBJC_ROOT_CLASS = YES_ERROR;
				CLANG_WARN_RANGE_LOOP_ANALYSIS = YES;
				CLANG_WARN_STRICT_PROTOTYPES = YES;
				CLANG_WARN_SUSPICIOUS_MOVE = YES;
				CLANG_WARN_UNGUARDED_AVAILABILITY = YES_AGGRESSIVE;
				CLANG_WARN_UNREACHABLE_CODE = YES;
				CLANG_WARN__DUPLICATE_METHOD_MATCH = YES;
				CODE_SIGN_IDENTITY = "iPhone Developer";
				COPY_PHASE_STRIP = NO;
				DEBUG_INFORMATION_FORMAT = "dwarf-with-dsym";
				ENABLE_NS_ASSERTIONS = NO;
				ENABLE_STRICT_OBJC_MSGSEND = YES;
				GCC_C_LANGUAGE_STANDARD = gnu11;
				GCC_NO_COMMON_BLOCKS = YES;
				GCC_WARN_64_TO_32_BIT_CONVERSION = YES;
				GCC_WARN_ABOUT_RETURN_TYPE = YES_ERROR;
				GCC_WARN_UNDECLARED_SELECTOR = YES;
				GCC_WARN_UNINITIALIZED_AUTOS = YES_AGGRESSIVE;
				GCC_WARN_UNUSED_FUNCTION = YES;
				GCC_WARN_UNUSED_VARIABLE = YES;
				IPHONEOS_DEPLOYMENT_TARGET = 11.2;
				MTL_ENABLE_DEBUG_INFO = NO;
				SDKROOT = iphoneos;
				SWIFT_OPTIMIZATION_LEVEL = "-Owholemodule";
				VALIDATE_PRODUCT = YES;
			};
			name = Release;
		};
		6E6C310D2006F45B008E8816 /* Debug */ = {
			isa = XCBuildConfiguration;
			baseConfigurationReference = 5045EF80F15EB195526A6566 /* Pods-LegoImageUploader.debug.xcconfig */;
			buildSettings = {
				ASSETCATALOG_COMPILER_APPICON_NAME = AppIcon;
				CODE_SIGN_STYLE = Automatic;
				DEVELOPMENT_TEAM = SAVCGG6GUV;
				INFOPLIST_FILE = LegoImageUploader/Info.plist;
				LD_RUNPATH_SEARCH_PATHS = "$(inherited) @executable_path/Frameworks";
				PRODUCT_BUNDLE_IDENTIFIER = com.tapsquare.xp.LegoImageUploader;
				PRODUCT_NAME = "$(TARGET_NAME)";
				SWIFT_VERSION = 4.0;
				TARGETED_DEVICE_FAMILY = "1,2";
			};
			name = Debug;
		};
		6E6C310E2006F45B008E8816 /* Release */ = {
			isa = XCBuildConfiguration;
			baseConfigurationReference = 81D550BA696D074333F1C059 /* Pods-LegoImageUploader.release.xcconfig */;
			buildSettings = {
				ASSETCATALOG_COMPILER_APPICON_NAME = AppIcon;
				CODE_SIGN_STYLE = Automatic;
				DEVELOPMENT_TEAM = SAVCGG6GUV;
				INFOPLIST_FILE = LegoImageUploader/Info.plist;
				LD_RUNPATH_SEARCH_PATHS = "$(inherited) @executable_path/Frameworks";
				PRODUCT_BUNDLE_IDENTIFIER = com.tapsquare.xp.LegoImageUploader;
				PRODUCT_NAME = "$(TARGET_NAME)";
				SWIFT_VERSION = 4.0;
				TARGETED_DEVICE_FAMILY = "1,2";
			};
			name = Release;
		};
/* End XCBuildConfiguration section */

/* Begin XCConfigurationList section */
		6E6C30F52006F45B008E8816 /* Build configuration list for PBXProject "LegoImageUploader" */ = {
			isa = XCConfigurationList;
			buildConfigurations = (
				6E6C310A2006F45B008E8816 /* Debug */,
				6E6C310B2006F45B008E8816 /* Release */,
			);
			defaultConfigurationIsVisible = 0;
			defaultConfigurationName = Release;
		};
		6E6C310C2006F45B008E8816 /* Build configuration list for PBXNativeTarget "LegoImageUploader" */ = {
			isa = XCConfigurationList;
			buildConfigurations = (
				6E6C310D2006F45B008E8816 /* Debug */,
				6E6C310E2006F45B008E8816 /* Release */,
			);
			defaultConfigurationIsVisible = 0;
			defaultConfigurationName = Release;
		};
/* End XCConfigurationList section */
	};
	rootObject = 6E6C30F22006F45B008E8816 /* Project object */;
}
